
Microsoft Visual Studio Solution File, Format Version 12.00
# Visual Studio Version 16
VisualStudioVersion = 16.0.31205.134
MinimumVisualStudioVersion = 10.0.40219.1
Project("{9A19103F-16F7-4668-BE54-9A1E7A4F7556}") = "MSOptimization", "MOptimization\MSOptimization.csproj", "{E8AD8B7E-1906-446B-B996-C8E867C9E90A}"
EndProject
Global
	GlobalSection(SolutionConfigurationPlatforms) = preSolution
		Debug|Any CPU = Debug|Any CPU
		Release|Any CPU = Release|Any CPU
	EndGlobalSection
	GlobalSection(ProjectConfigurationPlatforms) = postSolution
		{E8AD8B7E-1906-446B-B996-C8E867C9E90A}.Debug|Any CPU.ActiveCfg = Debug|Any CPU
		{E8AD8B7E-1906-446B-B996-C8E867C9E90A}.Debug|Any CPU.Build.0 = Debug|Any CPU
		{E8AD8B7E-1906-446B-B996-C8E867C9E90A}.Release|Any CPU.ActiveCfg = Release|Any CPU
		{E8AD8B7E-1906-446B-B996-C8E867C9E90A}.Release|Any CPU.Build.0 = Release|Any CPU
	EndGlobalSection
	GlobalSection(SolutionProperties) = preSolution
		HideSolutionNode = FALSE
	EndGlobalSection
	GlobalSection(ExtensibilityGlobals) = postSolution
		SolutionGuid = {CDB1D181-7569-402F-8DA9-B07CB9F79F40}
	EndGlobalSection
EndGlobal
